
Microsoft Visual Studio Solution File, Format Version 12.00
# Visual Studio 15
VisualStudioVersion = 15.0.27703.2026
MinimumVisualStudioVersion = 10.0.40219.1
Project("{FAE04EC0-301F-11D3-BF4B-00C04F79EFBC}") = "RaceConsoleGame", "RaceConsoleGame\RaceConsoleGame.csproj", "{F9E43882-2279-4932-83C5-F947AB9A0929}"
EndProject
Global
	GlobalSection(SolutionConfigurationPlatforms) = preSolution
		Debug|Any CPU = Debug|Any CPU
		Release|Any CPU = Release|Any CPU
	EndGlobalSection
	GlobalSection(ProjectConfigurationPlatforms) = postSolution
		{F9E43882-2279-4932-83C5-F947AB9A0929}.Debug|Any CPU.ActiveCfg = Debug|Any CPU
		{F9E43882-2279-4932-83C5-F947AB9A0929}.Debug|Any CPU.Build.0 = Debug|Any CPU
		{F9E43882-2279-4932-83C5-F947AB9A0929}.Release|Any CPU.ActiveCfg = Release|Any CPU
		{F9E43882-2279-4932-83C5-F947AB9A0929}.Release|Any CPU.Build.0 = Release|Any CPU
	EndGlobalSection
	GlobalSection(SolutionProperties) = preSolution
		HideSolutionNode = FALSE
	EndGlobalSection
	GlobalSection(ExtensibilityGlobals) = postSolution
		SolutionGuid = {723A58B9-1DF7-4280-8D8C-224A8E0B7E14}
	EndGlobalSection
EndGlobal
